{
  "name": "volante-kafka",
  "version": "1.0.0",
  "lockfileVersion": 1,
  "requires": true,
  "dependencies": {
    "error": {
      "version": "7.0.2",
      "resolved": "https://registry.npmjs.org/error/-/error-7.0.2.tgz",
      "integrity": "sha1-pfdf/02ZJhJt2sDqXcOOaJFTywI=",
      "requires": {
        "string-template": "~0.2.1",
        "xtend": "~4.0.0"
      }
    },
    "kafka-rest-client": {
      "version": "1.11.7",
      "resolved": "https://registry.npmjs.org/kafka-rest-client/-/kafka-rest-client-1.11.7.tgz",
      "integrity": "sha512-rOeyoFJ9cFN56CBtohJO2tDzQZwZ/P0s4S+YRt9wBma5Ccv1OKfwryP9f2O86AFRb8swBZ2PkVNamdCJx0SsIw==",
      "requires": {
        "error": "^7.0.1",
        "lb_pool": "^1.7.1",
        "pkginfo": "^0.4.1"
      }
    },
    "lb_pool": {
      "version": "1.8.0",
      "resolved": "https://registry.npmjs.org/lb_pool/-/lb_pool-1.8.0.tgz",
      "integrity": "sha512-BZzJk3zH1yWuqjXju+d32QW43+2dIcQq3uM7L6pfgupFwWyGILmnSFRJubUVJGVjlt+oOwDfzsbZkWbdgN+3VQ=="
    },
    "pkginfo": {
      "version": "0.4.1",
      "resolved": "https://registry.npmjs.org/pkginfo/-/pkginfo-0.4.1.tgz",
      "integrity": "sha1-tUGO8EOd5UJfxJlQQtztFPsqhP8="
    },
    "string-template": {
      "version": "0.2.1",
      "resolved": "https://registry.npmjs.org/string-template/-/string-template-0.2.1.tgz",
      "integrity": "sha1-QpMuWYo1LQH8IuwzZ9nYTuxsmt0="
    },
    "xtend": {
      "version": "4.0.1",
      "resolved": "https://registry.npmjs.org/xtend/-/xtend-4.0.1.tgz",
      "integrity": "sha1-pcbVMr5lbiPbgg77lDofBJmNY68="
    }
  }
}
